
Microsoft Visual Studio Solution File, Format Version 12.00
# Visual Studio Version 16
VisualStudioVersion = 16.0.29201.188
MinimumVisualStudioVersion = 10.0.40219.1
Project("{FAE04EC0-301F-11D3-BF4B-00C04F79EFBC}") = "CSharp-ConsoleApplication", "CSharp-ConsoleApplication.csproj", "{29437038-4967-4427-8CE3-083A9FD2232B}"
EndProject
Global
	GlobalSection(SolutionConfigurationPlatforms) = preSolution
		Debug|Any CPU = Debug|Any CPU
		Release|Any CPU = Release|Any CPU
	EndGlobalSection
	GlobalSection(ProjectConfigurationPlatforms) = postSolution
		{29437038-4967-4427-8CE3-083A9FD2232B}.Debug|Any CPU.ActiveCfg = Debug|Any CPU
		{29437038-4967-4427-8CE3-083A9FD2232B}.Debug|Any CPU.Build.0 = Debug|Any CPU
		{29437038-4967-4427-8CE3-083A9FD2232B}.Release|Any CPU.ActiveCfg = Release|Any CPU
		{29437038-4967-4427-8CE3-083A9FD2232B}.Release|Any CPU.Build.0 = Release|Any CPU
	EndGlobalSection
	GlobalSection(SolutionProperties) = preSolution
		HideSolutionNode = FALSE
	EndGlobalSection
	GlobalSection(ExtensibilityGlobals) = postSolution
		SolutionGuid = {EA0DECA5-5D98-4ABD-B07F-E4FB292FB9A0}
	EndGlobalSection
EndGlobal
